// !$*UTF8*$!
{
	archiveVersion = 1;
	classes = {
	};
	objectVersion = 46;
	objects = {

/* Begin PBXBuildFile section */
		7E86724F1ADBF9D700D8405F /* main.m in Sources */ = {isa = PBXBuildFile; fileRef = 7E86724E1ADBF9D700D8405F /* main.m */; };
		7E8672521ADBF9D700D8405F /* AppDelegate.m in Sources */ = {isa = PBXBuildFile; fileRef = 7E8672511ADBF9D700D8405F /* AppDelegate.m */; };
		7E8672551ADBF9D700D8405F /* FindCar.xcdatamodeld in Sources */ = {isa = PBXBuildFile; fileRef = 7E8672531ADBF9D700D8405F /* FindCar.xcdatamodeld */; };
		7E8672581ADBF9D700D8405F /* ViewController.m in Sources */ = {isa = PBXBuildFile; fileRef = 7E8672571ADBF9D700D8405F /* ViewController.m */; };
		7E86725B1ADBF9D700D8405F /* Main.storyboard in Resources */ = {isa = PBXBuildFile; fileRef = 7E8672591ADBF9D700D8405F /* Main.storyboard */; };
		7E86725D1ADBF9D700D8405F /* Images.xcassets in Resources */ = {isa = PBXBuildFile; fileRef = 7E86725C1ADBF9D700D8405F /* Images.xcassets */; };
		7E8672601ADBF9D700D8405F /* LaunchScreen.xib in Resources */ = {isa = PBXBuildFile; fileRef = 7E86725E1ADBF9D700D8405F /* LaunchScreen.xib */; };
		7E86726C1ADBF9D800D8405F /* FindCarTests.m in Sources */ = {isa = PBXBuildFile; fileRef = 7E86726B1ADBF9D800D8405F /* FindCarTests.m */; };
		7E8672761ADC074F00D8405F /* CoreLocation.framework in Frameworks */ = {isa = PBXBuildFile; fileRef = 7E8672751ADC074F00D8405F /* CoreLocation.framework */; };
		7E8672781ADC0A3400D8405F /* MapKit.framework in Frameworks */ = {isa = PBXBuildFile; fileRef = 7E8672771ADC0A3400D8405F /* MapKit.framework */; };
/* End PBXBuildFile section */

/* Begin PBXContainerItemProxy section */
		7E8672661ADBF9D800D8405F /* PBXContainerItemProxy */ = {
			isa = PBXContainerItemProxy;
			containerPortal = 7E8672411ADBF9D700D8405F /* Project object */;
			proxyType = 1;
			remoteGlobalIDString = 7E8672481ADBF9D700D8405F;
			remoteInfo = FindCar;
		};
/* End PBXContainerItemProxy section */

/* Begin PBXFileReference section */
		7E8672491ADBF9D700D8405F /* FindCar.app */ = {isa = PBXFileReference; explicitFileType = wrapper.application; includeInIndex = 0; path = FindCar.app; sourceTree = BUILT_PRODUCTS_DIR; };
		7E86724D1ADBF9D700D8405F /* Info.plist */ = {isa = PBXFileReference; lastKnownFileType = text.plist.xml; path = Info.plist; sourceTree = "<group>"; };
		7E86724E1ADBF9D700D8405F /* main.m */ = {isa = PBXFileReference; lastKnownFileType = sourcecode.c.objc; path = main.m; sourceTree = "<group>"; };
		7E8672501ADBF9D700D8405F /* AppDelegate.h */ = {isa = PBXFileReference; lastKnownFileType = sourcecode.c.h; path = AppDelegate.h; sourceTree = "<group>"; };
		7E8672511ADBF9D700D8405F /* AppDelegate.m */ = {isa = PBXFileReference; lastKnownFileType = sourcecode.c.objc; path = AppDelegate.m; sourceTree = "<group>"; };
		7E8672541ADBF9D700D8405F /* FindCar.xcdatamodel */ = {isa = PBXFileReference; lastKnownFileType = wrapper.xcdatamodel; path = FindCar.xcdatamodel; sourceTree = "<group>"; };
		7E8672561ADBF9D700D8405F /* ViewController.h */ = {isa = PBXFileReference; lastKnownFileType = sourcecode.c.h; path = ViewController.h; sourceTree = "<group>"; };
		7E8672571ADBF9D700D8405F /* ViewController.m */ = {isa = PBXFileReference; lastKnownFileType = sourcecode.c.objc; path = ViewController.m; sourceTree = "<group>"; };
		7E86725A1ADBF9D700D8405F /* Base */ = {isa = PBXFileReference; lastKnownFileType = file.storyboard; name = Base; path = Base.lproj/Main.storyboard; sourceTree = "<group>"; };
		7E86725C1ADBF9D700D8405F /* Images.xcassets */ = {isa = PBXFileReference; lastKnownFileType = folder.assetcatalog; path = Images.xcassets; sourceTree = "<group>"; };
		7E86725F1ADBF9D700D8405F /* Base */ = {isa = PBXFileReference; lastKnownFileType = file.xib; name = Base; path = Base.lproj/LaunchScreen.xib; sourceTree = "<group>"; };
		7E8672651ADBF9D800D8405F /* FindCarTests.xctest */ = {isa = PBXFileReference; explicitFileType = wrapper.cfbundle; includeInIndex = 0; path = FindCarTests.xctest; sourceTree = BUILT_PRODUCTS_DIR; };
		7E86726A1ADBF9D800D8405F /* Info.plist */ = {isa = PBXFileReference; lastKnownFileType = text.plist.xml; path = Info.plist; sourceTree = "<group>"; };
		7E86726B1ADBF9D800D8405F /* FindCarTests.m */ = {isa = PBXFileReference; lastKnownFileType = sourcecode.c.objc; path = FindCarTests.m; sourceTree = "<group>"; };
		7E8672751ADC074F00D8405F /* CoreLocation.framework */ = {isa = PBXFileReference; lastKnownFileType = wrapper.framework; name = CoreLocation.framework; path = System/Library/Frameworks/CoreLocation.framework; sourceTree = SDKROOT; };
		7E8672771ADC0A3400D8405F /* MapKit.framework */ = {isa = PBXFileReference; lastKnownFileType = wrapper.framework; name = MapKit.framework; path = System/Library/Frameworks/MapKit.framework; sourceTree = SDKROOT; };
/* End PBXFileReference section */

/* Begin PBXFrameworksBuildPhase section */
		7E8672461ADBF9D700D8405F /* Frameworks */ = {
			isa = PBXFrameworksBuildPhase;
			buildActionMask = 2147483647;
			files = (
				7E8672781ADC0A3400D8405F /* MapKit.framework in Frameworks */,
				7E8672761ADC074F00D8405F /* CoreLocation.framework in Frameworks */,
			);
			runOnlyForDeploymentPostprocessing = 0;
		};
		7E8672621ADBF9D800D8405F /* Frameworks */ = {
			isa = PBXFrameworksBuildPhase;
			buildActionMask = 2147483647;
			files = (
			);
			runOnlyForDeploymentPostprocessing = 0;
		};
/* End PBXFrameworksBuildPhase section */

/* Begin PBXGroup section */
		7E8672401ADBF9D700D8405F = {
			isa = PBXGroup;
			children = (
				7E8672771ADC0A3400D8405F /* MapKit.framework */,
				7E8672751ADC074F00D8405F /* CoreLocation.framework */,
				7E86724B1ADBF9D700D8405F /* FindCar */,
				7E8672681ADBF9D800D8405F /* FindCarTests */,
				7E86724A1ADBF9D700D8405F /* Products */,
			);
			sourceTree = "<group>";
		};
		7E86724A1ADBF9D700D8405F /* Products */ = {
			isa = PBXGroup;
			children = (
				7E8672491ADBF9D700D8405F /* FindCar.app */,
				7E8672651ADBF9D800D8405F /* FindCarTests.xctest */,
			);
			name = Products;
			sourceTree = "<group>";
		};
		7E86724B1ADBF9D700D8405F /* FindCar */ = {
			isa = PBXGroup;
			children = (
				7E8672501ADBF9D700D8405F /* AppDelegate.h */,
				7E8672511ADBF9D700D8405F /* AppDelegate.m */,
				7E8672561ADBF9D700D8405F /* ViewController.h */,
				7E8672571ADBF9D700D8405F /* ViewController.m */,
				7E8672591ADBF9D700D8405F /* Main.storyboard */,
				7E86725C1ADBF9D700D8405F /* Images.xcassets */,
				7E86725E1ADBF9D700D8405F /* LaunchScreen.xib */,
				7E8672531ADBF9D700D8405F /* FindCar.xcdatamodeld */,
				7E86724C1ADBF9D700D8405F /* Supporting Files */,
			);
			path = FindCar;
			sourceTree = "<group>";
		};
		7E86724C1ADBF9D700D8405F /* Supporting Files */ = {
			isa = PBXGroup;
			children = (
				7E86724D1ADBF9D700D8405F /* Info.plist */,
				7E86724E1ADBF9D700D8405F /* main.m */,
			);
			name = "Supporting Files";
			sourceTree = "<group>";
		};
		7E8672681ADBF9D800D8405F /* FindCarTests */ = {
			isa = PBXGroup;
			children = (
				7E86726B1ADBF9D800D8405F /* FindCarTests.m */,
				7E8672691ADBF9D800D8405F /* Supporting Files */,
			);
			path = FindCarTests;
			sourceTree = "<group>";
		};
		7E8672691ADBF9D800D8405F /* Supporting Files */ = {
			isa = PBXGroup;
			children = (
				7E86726A1ADBF9D800D8405F /* Info.plist */,
			);
			name = "Supporting Files";
			sourceTree = "<group>";
		};
/* End PBXGroup section */

/* Begin PBXNativeTarget section */
		7E8672481ADBF9D700D8405F /* FindCar */ = {
			isa = PBXNativeTarget;
			buildConfigurationList = 7E86726F1ADBF9D800D8405F /* Build configuration list for PBXNativeTarget "FindCar" */;
			buildPhases = (
				7E8672451ADBF9D700D8405F /* Sources */,
				7E8672461ADBF9D700D8405F /* Frameworks */,
				7E8672471ADBF9D700D8405F /* Resources */,
			);
			buildRules = (
			);
			dependencies = (
			);
			name = FindCar;
			productName = FindCar;
			productReference = 7E8672491ADBF9D700D8405F /* FindCar.app */;
			productType = "com.apple.product-type.application";
		};
		7E8672641ADBF9D800D8405F /* FindCarTests */ = {
			isa = PBXNativeTarget;
			buildConfigurationList = 7E8672721ADBF9D800D8405F /* Build configuration list for PBXNativeTarget "FindCarTests" */;
			buildPhases = (
				7E8672611ADBF9D800D8405F /* Sources */,
				7E8672621ADBF9D800D8405F /* Frameworks */,
				7E8672631ADBF9D800D8405F /* Resources */,
			);
			buildRules = (
			);
			dependencies = (
				7E8672671ADBF9D800D8405F /* PBXTargetDependency */,
			);
			name = FindCarTests;
			productName = FindCarTests;
			productReference = 7E8672651ADBF9D800D8405F /* FindCarTests.xctest */;
			productType = "com.apple.product-type.bundle.unit-test";
		};
/* End PBXNativeTarget section */

/* Begin PBXProject section */
		7E8672411ADBF9D700D8405F /* Project object */ = {
			isa = PBXProject;
			attributes = {
				LastUpgradeCheck = 0620;
				ORGANIZATIONNAME = ZeroYang;
				TargetAttributes = {
					7E8672481ADBF9D700D8405F = {
						CreatedOnToolsVersion = 6.2;
						DevelopmentTeam = JZ97CAN55X;
						SystemCapabilities = {
							com.apple.Maps.iOS = {
								enabled = 1;
							};
						};
					};
					7E8672641ADBF9D800D8405F = {
						CreatedOnToolsVersion = 6.2;
						TestTargetID = 7E8672481ADBF9D700D8405F;
					};
				};
			};
			buildConfigurationList = 7E8672441ADBF9D700D8405F /* Build configuration list for PBXProject "FindCar" */;
			compatibilityVersion = "Xcode 3.2";
			developmentRegion = English;
			hasScannedForEncodings = 0;
			knownRegions = (
				en,
				Base,
			);
			mainGroup = 7E8672401ADBF9D700D8405F;
			productRefGroup = 7E86724A1ADBF9D700D8405F /* Products */;
			projectDirPath = "";
			projectRoot = "";
			targets = (
				7E8672481ADBF9D700D8405F /* FindCar */,
				7E8672641ADBF9D800D8405F /* FindCarTests */,
			);
		};
/* End PBXProject section */

/* Begin PBXResourcesBuildPhase section */
		7E8672471ADBF9D700D8405F /* Resources */ = {
			isa = PBXResourcesBuildPhase;
			buildActionMask = 2147483647;
			files = (
				7E86725B1ADBF9D700D8405F /* Main.storyboard in Resources */,
				7E8672601ADBF9D700D8405F /* LaunchScreen.xib in Resources */,
				7E86725D1ADBF9D700D8405F /* Images.xcassets in Resources */,
			);
			runOnlyForDeploymentPostprocessing = 0;
		};
		7E8672631ADBF9D800D8405F /* Resources */ = {
			isa = PBXResourcesBuildPhase;
			buildActionMask = 2147483647;
			files = (
			);
			runOnlyForDeploymentPostprocessing = 0;
		};
/* End PBXResourcesBuildPhase section */

/* Begin PBXSourcesBuildPhase section */
		7E8672451ADBF9D700D8405F /* Sources */ = {
			isa = PBXSourcesBuildPhase;
			buildActionMask = 2147483647;
			files = (
				7E8672521ADBF9D700D8405F /* AppDelegate.m in Sources */,
				7E8672551ADBF9D700D8405F /* FindCar.xcdatamodeld in Sources */,
				7E8672581ADBF9D700D8405F /* ViewController.m in Sources */,
				7E86724F1ADBF9D700D8405F /* main.m in Sources */,
			);
			runOnlyForDeploymentPostprocessing = 0;
		};
		7E8672611ADBF9D800D8405F /* Sources */ = {
			isa = PBXSourcesBuildPhase;
			buildActionMask = 2147483647;
			files = (
				7E86726C1ADBF9D800D8405F /* FindCarTests.m in Sources */,
			);
			runOnlyForDeploymentPostprocessing = 0;
		};
/* End PBXSourcesBuildPhase section */

/* Begin PBXTargetDependency section */
		7E8672671ADBF9D800D8405F /* PBXTargetDependency */ = {
			isa = PBXTargetDependency;
			target = 7E8672481ADBF9D700D8405F /* FindCar */;
			targetProxy = 7E8672661ADBF9D800D8405F /* PBXContainerItemProxy */;
		};
/* End PBXTargetDependency section */

/* Begin PBXVariantGroup section */
		7E8672591ADBF9D700D8405F /* Main.storyboard */ = {
			isa = PBXVariantGroup;
			children = (
				7E86725A1ADBF9D700D8405F /* Base */,
			);
			name = Main.storyboard;
			sourceTree = "<group>";
		};
		7E86725E1ADBF9D700D8405F /* LaunchScreen.xib */ = {
			isa = PBXVariantGroup;
			children = (
				7E86725F1ADBF9D700D8405F /* Base */,
			);
			name = LaunchScreen.xib;
			sourceTree = "<group>";
		};
/* End PBXVariantGroup section */

/* Begin XCBuildConfiguration section */
		7E86726D1ADBF9D800D8405F /* Debug */ = {
			isa = XCBuildConfiguration;
			buildSettings = {
				ALWAYS_SEARCH_USER_PATHS = NO;
				CLANG_CXX_LANGUAGE_STANDARD = "gnu++0x";
				CLANG_CXX_LIBRARY = "libc++";
				CLANG_ENABLE_MODULES = YES;
				CLANG_ENABLE_OBJC_ARC = YES;
				CLANG_WARN_BOOL_CONVERSION = YES;
				CLANG_WARN_CONSTANT_CONVERSION = YES;
				CLANG_WARN_DIRECT_OBJC_ISA_USAGE = YES_ERROR;
				CLANG_WARN_EMPTY_BODY = YES;
				CLANG_WARN_ENUM_CONVERSION = YES;
				CLANG_WARN_INT_CONVERSION = YES;
				CLANG_WARN_OBJC_ROOT_CLASS = YES_ERROR;
				CLANG_WARN_UNREACHABLE_CODE = YES;
				CLANG_WARN__DUPLICATE_METHOD_MATCH = YES;
				"CODE_SIGN_IDENTITY[sdk=iphoneos*]" = "iPhone Developer";
				COPY_PHASE_STRIP = NO;
				ENABLE_STRICT_OBJC_MSGSEND = YES;
				GCC_C_LANGUAGE_STANDARD = gnu99;
				GCC_DYNAMIC_NO_PIC = NO;
				GCC_OPTIMIZATION_LEVEL = 0;
				GCC_PREPROCESSOR_DEFINITIONS = (
					"DEBUG=1",
					"$(inherited)",
				);
				GCC_SYMBOLS_PRIVATE_EXTERN = NO;
				GCC_WARN_64_TO_32_BIT_CONVERSION = YES;
				GCC_WARN_ABOUT_RETURN_TYPE = YES_ERROR;
				GCC_WARN_UNDECLARED_SELECTOR = YES;
				GCC_WARN_UNINITIALIZED_AUTOS = YES_AGGRESSIVE;
				GCC_WARN_UNUSED_FUNCTION = YES;
				GCC_WARN_UNUSED_VARIABLE = YES;
				IPHONEOS_DEPLOYMENT_TARGET = 8.2;
				MTL_ENABLE_DEBUG_INFO = YES;
				ONLY_ACTIVE_ARCH = YES;
				SDKROOT = iphoneos;
				TARGETED_DEVICE_FAMILY = "1,2";
			};
			name = Debug;
		};
		7E86726E1ADBF9D800D8405F /* Release */ = {
			isa = XCBuildConfiguration;
			buildSettings = {
				ALWAYS_SEARCH_USER_PATHS = NO;
				CLANG_CXX_LANGUAGE_STANDARD = "gnu++0x";
				CLANG_CXX_LIBRARY = "libc++";
				CLANG_ENABLE_MODULES = YES;
				CLANG_ENABLE_OBJC_ARC = YES;
				CLANG_WARN_BOOL_CONVERSION = YES;
				CLANG_WARN_CONSTANT_CONVERSION = YES;
				CLANG_WARN_DIRECT_OBJC_ISA_USAGE = YES_ERROR;
				CLANG_WARN_EMPTY_BODY = YES;
				CLANG_WARN_ENUM_CONVERSION = YES;
				CLANG_WARN_INT_CONVERSION = YES;
				CLANG_WARN_OBJC_ROOT_CLASS = YES_ERROR;
				CLANG_WARN_UNREACHABLE_CODE = YES;
				CLANG_WARN__DUPLICATE_METHOD_MATCH = YES;
				"CODE_SIGN_IDENTITY[sdk=iphoneos*]" = "iPhone Developer";
				COPY_PHASE_STRIP = NO;
				ENABLE_NS_ASSERTIONS = NO;
				ENABLE_STRICT_OBJC_MSGSEND = YES;
				GCC_C_LANGUAGE_STANDARD = gnu99;
				GCC_WARN_64_TO_32_BIT_CONVERSION = YES;
				GCC_WARN_ABOUT_RETURN_TYPE = YES_ERROR;
				GCC_WARN_UNDECLARED_SELECTOR = YES;
				GCC_WARN_UNINITIALIZED_AUTOS = YES_AGGRESSIVE;
				GCC_WARN_UNUSED_FUNCTION = YES;
				GCC_WARN_UNUSED_VARIABLE = YES;
				IPHONEOS_DEPLOYMENT_TARGET = 8.2;
				MTL_ENABLE_DEBUG_INFO = NO;
				SDKROOT = iphoneos;
				TARGETED_DEVICE_FAMILY = "1,2";
				VALIDATE_PRODUCT = YES;
			};
			name = Release;
		};
		7E8672701ADBF9D800D8405F /* Debug */ = {
			isa = XCBuildConfiguration;
			buildSettings = {
				ASSETCATALOG_COMPILER_APPICON_NAME = AppIcon;
				CODE_SIGN_IDENTITY = "iPhone Developer: 田波 杨 (X8NPULJP96)";
				"CODE_SIGN_IDENTITY[sdk=iphoneos*]" = "iPhone Developer";
				INFOPLIST_FILE = FindCar/Info.plist;
				IPHONEOS_DEPLOYMENT_TARGET = 8.0;
				LD_RUNPATH_SEARCH_PATHS = "$(inherited) @executable_path/Frameworks";
				PRODUCT_NAME = "$(TARGET_NAME)";
				PROVISIONING_PROFILE = "";
				TARGETED_DEVICE_FAMILY = "1,2";
			};
			name = Debug;
		};
		7E8672711ADBF9D800D8405F /* Release */ = {
			isa = XCBuildConfiguration;
			buildSettings = {
				ASSETCATALOG_COMPILER_APPICON_NAME = AppIcon;
				CODE_SIGN_IDENTITY = "iPhone Developer: 田波 杨 (X8NPULJP96)";
				"CODE_SIGN_IDENTITY[sdk=iphoneos*]" = "iPhone Developer";
				INFOPLIST_FILE = FindCar/Info.plist;
				IPHONEOS_DEPLOYMENT_TARGET = 8.0;
				LD_RUNPATH_SEARCH_PATHS = "$(inherited) @executable_path/Frameworks";
				PRODUCT_NAME = "$(TARGET_NAME)";
				PROVISIONING_PROFILE = "";
				TARGETED_DEVICE_FAMILY = "1,2";
			};
			name = Release;
		};
		7E8672731ADBF9D800D8405F /* Debug */ = {
			isa = XCBuildConfiguration;
			buildSettings = {
				BUNDLE_LOADER = "$(TEST_HOST)";
				FRAMEWORK_SEARCH_PATHS = (
					"$(SDKROOT)/Developer/Library/Frameworks",
					"$(inherited)",
				);
				GCC_PREPROCESSOR_DEFINITIONS = (
					"DEBUG=1",
					"$(inherited)",
				);
				INFOPLIST_FILE = FindCarTests/Info.plist;
				LD_RUNPATH_SEARCH_PATHS = "$(inherited) @executable_path/Frameworks @loader_path/Frameworks";
				PRODUCT_NAME = "$(TARGET_NAME)";
				TEST_HOST = "$(BUILT_PRODUCTS_DIR)/FindCar.app/FindCar";
			};
			name = Debug;
		};
		7E8672741ADBF9D800D8405F /* Release */ = {
			isa = XCBuildConfiguration;
			buildSettings = {
				BUNDLE_LOADER = "$(TEST_HOST)";
				FRAMEWORK_SEARCH_PATHS = (
					"$(SDKROOT)/Developer/Library/Frameworks",
					"$(inherited)",
				);
				INFOPLIST_FILE = FindCarTests/Info.plist;
				LD_RUNPATH_SEARCH_PATHS = "$(inherited) @executable_path/Frameworks @loader_path/Frameworks";
				PRODUCT_NAME = "$(TARGET_NAME)";
				TEST_HOST = "$(BUILT_PRODUCTS_DIR)/FindCar.app/FindCar";
			};
			name = Release;
		};
/* End XCBuildConfiguration section */

/* Begin XCConfigurationList section */
		7E8672441ADBF9D700D8405F /* Build configuration list for PBXProject "FindCar" */ = {
			isa = XCConfigurationList;
			buildConfigurations = (
				7E86726D1ADBF9D800D8405F /* Debug */,
				7E86726E1ADBF9D800D8405F /* Release */,
			);
			defaultConfigurationIsVisible = 0;
			defaultConfigurationName = Release;
		};
		7E86726F1ADBF9D800D8405F /* Build configuration list for PBXNativeTarget "FindCar" */ = {
			isa = XCConfigurationList;
			buildConfigurations = (
				7E8672701ADBF9D800D8405F /* Debug */,
				7E8672711ADBF9D800D8405F /* Release */,
			);
			defaultConfigurationIsVisible = 0;
			defaultConfigurationName = Release;
		};
		7E8672721ADBF9D800D8405F /* Build configuration list for PBXNativeTarget "FindCarTests" */ = {
			isa = XCConfigurationList;
			buildConfigurations = (
				7E8672731ADBF9D800D8405F /* Debug */,
				7E8672741ADBF9D800D8405F /* Release */,
			);
			defaultConfigurationIsVisible = 0;
			defaultConfigurationName = Release;
		};
/* End XCConfigurationList section */

/* Begin XCVersionGroup section */
		7E8672531ADBF9D700D8405F /* FindCar.xcdatamodeld */ = {
			isa = XCVersionGroup;
			children = (
				7E8672541ADBF9D700D8405F /* FindCar.xcdatamodel */,
			);
			currentVersion = 7E8672541ADBF9D700D8405F /* FindCar.xcdatamodel */;
			path = FindCar.xcdatamodeld;
			sourceTree = "<group>";
			versionGroupType = wrapper.xcdatamodel;
		};
/* End XCVersionGroup section */
	};
	rootObject = 7E8672411ADBF9D700D8405F /* Project object */;
}
